
Microsoft Visual Studio Solution File, Format Version 12.00
# Visual Studio 15
VisualStudioVersion = 15.0.27130.2036
MinimumVisualStudioVersion = 10.0.40219.1
Project("{FAE04EC0-301F-11D3-BF4B-00C04F79EFBC}") = "CRM.Android", "CRM\CRM.Android\CRM.Android.csproj", "{FDA1A99B-057C-4F37-8615-A677899A9CDB}"
EndProject
Project("{9A19103F-16F7-4668-BE54-9A1E7A4F7556}") = "CRM", "CRM\CRM\CRM.csproj", "{E98344D0-2D27-42AD-9A46-292D4A49EAE5}"
EndProject
Project("{00D1A9C2-B5F0-4AF3-8072-F6C62B433612}") = "Database", "Database\Database.sqlproj", "{AAF33314-C238-4143-B4ED-CB8EC1CBA263}"
EndProject
Project("{9A19103F-16F7-4668-BE54-9A1E7A4F7556}") = "WebAPI", "WebAPI\WebAPI.csproj", "{63A8432B-FDED-46D6-94CE-875758ACA067}"
EndProject
Project("{FAE04EC0-301F-11D3-BF4B-00C04F79EFBC}") = "ORM", "ORM\ORM.csproj", "{7230AA5E-9A80-4BB7-B59A-2755A6B583D8}"
EndProject
Project("{9A19103F-16F7-4668-BE54-9A1E7A4F7556}") = "ExternalWebApplication", "ExternalWebApplication\ExternalWebApplication.csproj", "{502E31C4-F2E3-4C11-BFF7-527207CBD07E}"
EndProject
Project("{FAE04EC0-301F-11D3-BF4B-00C04F79EFBC}") = "UnitTests", "UnitTests\UnitTests.csproj", "{1AC78ECD-719A-41C3-B324-B41F5DEF3976}"
EndProject
Project("{FAE04EC0-301F-11D3-BF4B-00C04F79EFBC}") = "CRM.iOS", "CRM\CRM.iOS\CRM.iOS.csproj", "{D3CF0368-21DC-4D26-BF7D-840533AAD635}"
EndProject
Project("{FAE04EC0-301F-11D3-BF4B-00C04F79EFBC}") = "CRM.UWP", "CRM\CRM.UWP\CRM.UWP.csproj", "{4D476A0B-8736-4802-B0B3-1085A775765F}"
EndProject
Global
	GlobalSection(SolutionConfigurationPlatforms) = preSolution
		Ad-Hoc|Any CPU = Ad-Hoc|Any CPU
		Ad-Hoc|ARM = Ad-Hoc|ARM
		Ad-Hoc|iPhone = Ad-Hoc|iPhone
		Ad-Hoc|iPhoneSimulator = Ad-Hoc|iPhoneSimulator
		Ad-Hoc|x64 = Ad-Hoc|x64
		Ad-Hoc|x86 = Ad-Hoc|x86
		AppStore|Any CPU = AppStore|Any CPU
		AppStore|ARM = AppStore|ARM
		AppStore|iPhone = AppStore|iPhone
		AppStore|iPhoneSimulator = AppStore|iPhoneSimulator
		AppStore|x64 = AppStore|x64
		AppStore|x86 = AppStore|x86
		Debug|Any CPU = Debug|Any CPU
		Debug|ARM = Debug|ARM
		Debug|iPhone = Debug|iPhone
		Debug|iPhoneSimulator = Debug|iPhoneSimulator
		Debug|x64 = Debug|x64
		Debug|x86 = Debug|x86
		Release|Any CPU = Release|Any CPU
		Release|ARM = Release|ARM
		Release|iPhone = Release|iPhone
		Release|iPhoneSimulator = Release|iPhoneSimulator
		Release|x64 = Release|x64
		Release|x86 = Release|x86
	EndGlobalSection
	GlobalSection(ProjectConfigurationPlatforms) = postSolution
		{FDA1A99B-057C-4F37-8615-A677899A9CDB}.Ad-Hoc|Any CPU.ActiveCfg = Release|Any CPU
		{FDA1A99B-057C-4F37-8615-A677899A9CDB}.Ad-Hoc|Any CPU.Build.0 = Release|Any CPU
		{FDA1A99B-057C-4F37-8615-A677899A9CDB}.Ad-Hoc|Any CPU.Deploy.0 = Release|Any CPU
		{FDA1A99B-057C-4F37-8615-A677899A9CDB}.Ad-Hoc|ARM.ActiveCfg = Release|Any CPU
		{FDA1A99B-057C-4F37-8615-A677899A9CDB}.Ad-Hoc|ARM.Build.0 = Release|Any CPU
		{FDA1A99B-057C-4F37-8615-A677899A9CDB}.Ad-Hoc|ARM.Deploy.0 = Release|Any CPU
		{FDA1A99B-057C-4F37-8615-A677899A9CDB}.Ad-Hoc|iPhone.ActiveCfg = Release|Any CPU
		{FDA1A99B-057C-4F37-8615-A677899A9CDB}.Ad-Hoc|iPhone.Build.0 = Release|Any CPU
		{FDA1A99B-057C-4F37-8615-A677899A9CDB}.Ad-Hoc|iPhone.Deploy.0 = Release|Any CPU
		{FDA1A99B-057C-4F37-8615-A677899A9CDB}.Ad-Hoc|iPhoneSimulator.ActiveCfg = Release|Any CPU
		{FDA1A99B-057C-4F37-8615-A677899A9CDB}.Ad-Hoc|iPhoneSimulator.Build.0 = Release|Any CPU
		{FDA1A99B-057C-4F37-8615-A677899A9CDB}.Ad-Hoc|iPhoneSimulator.Deploy.0 = Release|Any CPU
		{FDA1A99B-057C-4F37-8615-A677899A9CDB}.Ad-Hoc|x64.ActiveCfg = Release|Any CPU
		{FDA1A99B-057C-4F37-8615-A677899A9CDB}.Ad-Hoc|x64.Build.0 = Release|Any CPU
		{FDA1A99B-057C-4F37-8615-A677899A9CDB}.Ad-Hoc|x64.Deploy.0 = Release|Any CPU
		{FDA1A99B-057C-4F37-8615-A677899A9CDB}.Ad-Hoc|x86.ActiveCfg = Release|Any CPU
		{FDA1A99B-057C-4F37-8615-A677899A9CDB}.Ad-Hoc|x86.Build.0 = Release|Any CPU
		{FDA1A99B-057C-4F37-8615-A677899A9CDB}.Ad-Hoc|x86.Deploy.0 = Release|Any CPU
		{FDA1A99B-057C-4F37-8615-A677899A9CDB}.AppStore|Any CPU.ActiveCfg = Release|Any CPU
		{FDA1A99B-057C-4F37-8615-A677899A9CDB}.AppStore|Any CPU.Build.0 = Release|Any CPU
		{FDA1A99B-057C-4F37-8615-A677899A9CDB}.AppStore|Any CPU.Deploy.0 = Release|Any CPU
		{FDA1A99B-057C-4F37-8615-A677899A9CDB}.AppStore|ARM.ActiveCfg = Release|Any CPU
		{FDA1A99B-057C-4F37-8615-A677899A9CDB}.AppStore|ARM.Build.0 = Release|Any CPU
		{FDA1A99B-057C-4F37-8615-A677899A9CDB}.AppStore|ARM.Deploy.0 = Release|Any CPU
		{FDA1A99B-057C-4F37-8615-A677899A9CDB}.AppStore|iPhone.ActiveCfg = Release|Any CPU
		{FDA1A99B-057C-4F37-8615-A677899A9CDB}.AppStore|iPhone.Build.0 = Release|Any CPU
		{FDA1A99B-057C-4F37-8615-A677899A9CDB}.AppStore|iPhone.Deploy.0 = Release|Any CPU
		{FDA1A99B-057C-4F37-8615-A677899A9CDB}.AppStore|iPhoneSimulator.ActiveCfg = Release|Any CPU
		{FDA1A99B-057C-4F37-8615-A677899A9CDB}.AppStore|iPhoneSimulator.Build.0 = Release|Any CPU
		{FDA1A99B-057C-4F37-8615-A677899A9CDB}.AppStore|iPhoneSimulator.Deploy.0 = Release|Any CPU
		{FDA1A99B-057C-4F37-8615-A677899A9CDB}.AppStore|x64.ActiveCfg = Release|Any CPU
		{FDA1A99B-057C-4F37-8615-A677899A9CDB}.AppStore|x64.Build.0 = Release|Any CPU
		{FDA1A99B-057C-4F37-8615-A677899A9CDB}.AppStore|x64.Deploy.0 = Release|Any CPU
		{FDA1A99B-057C-4F37-8615-A677899A9CDB}.AppStore|x86.ActiveCfg = Release|Any CPU
		{FDA1A99B-057C-4F37-8615-A677899A9CDB}.AppStore|x86.Build.0 = Release|Any CPU
		{FDA1A99B-057C-4F37-8615-A677899A9CDB}.AppStore|x86.Deploy.0 = Release|Any CPU
		{FDA1A99B-057C-4F37-8615-A677899A9CDB}.Debug|Any CPU.ActiveCfg = Debug|Any CPU
		{FDA1A99B-057C-4F37-8615-A677899A9CDB}.Debug|Any CPU.Build.0 = Debug|Any CPU
		{FDA1A99B-057C-4F37-8615-A677899A9CDB}.Debug|Any CPU.Deploy.0 = Debug|Any CPU
		{FDA1A99B-057C-4F37-8615-A677899A9CDB}.Debug|ARM.ActiveCfg = Debug|Any CPU
		{FDA1A99B-057C-4F37-8615-A677899A9CDB}.Debug|ARM.Build.0 = Debug|Any CPU
		{FDA1A99B-057C-4F37-8615-A677899A9CDB}.Debug|ARM.Deploy.0 = Debug|Any CPU
		{FDA1A99B-057C-4F37-8615-A677899A9CDB}.Debug|iPhone.ActiveCfg = Debug|Any CPU
		{FDA1A99B-057C-4F37-8615-A677899A9CDB}.Debug|iPhone.Build.0 = Debug|Any CPU
		{FDA1A99B-057C-4F37-8615-A677899A9CDB}.Debug|iPhone.Deploy.0 = Debug|Any CPU
		{FDA1A99B-057C-4F37-8615-A677899A9CDB}.Debug|iPhoneSimulator.ActiveCfg = Debug|Any CPU
		{FDA1A99B-057C-4F37-8615-A677899A9CDB}.Debug|iPhoneSimulator.Build.0 = Debug|Any CPU
		{FDA1A99B-057C-4F37-8615-A677899A9CDB}.Debug|iPhoneSimulator.Deploy.0 = Debug|Any CPU
		{FDA1A99B-057C-4F37-8615-A677899A9CDB}.Debug|x64.ActiveCfg = Debug|Any CPU
		{FDA1A99B-057C-4F37-8615-A677899A9CDB}.Debug|x64.Build.0 = Debug|Any CPU
		{FDA1A99B-057C-4F37-8615-A677899A9CDB}.Debug|x64.Deploy.0 = Debug|Any CPU
		{FDA1A99B-057C-4F37-8615-A677899A9CDB}.Debug|x86.ActiveCfg = Debug|Any CPU
		{FDA1A99B-057C-4F37-8615-A677899A9CDB}.Debug|x86.Build.0 = Debug|Any CPU
		{FDA1A99B-057C-4F37-8615-A677899A9CDB}.Debug|x86.Deploy.0 = Debug|Any CPU
		{FDA1A99B-057C-4F37-8615-A677899A9CDB}.Release|Any CPU.ActiveCfg = Release|Any CPU
		{FDA1A99B-057C-4F37-8615-A677899A9CDB}.Release|Any CPU.Build.0 = Release|Any CPU
		{FDA1A99B-057C-4F37-8615-A677899A9CDB}.Release|Any CPU.Deploy.0 = Release|Any CPU
		{FDA1A99B-057C-4F37-8615-A677899A9CDB}.Release|ARM.ActiveCfg = Release|Any CPU
		{FDA1A99B-057C-4F37-8615-A677899A9CDB}.Release|ARM.Build.0 = Release|Any CPU
		{FDA1A99B-057C-4F37-8615-A677899A9CDB}.Release|ARM.Deploy.0 = Release|Any CPU
		{FDA1A99B-057C-4F37-8615-A677899A9CDB}.Release|iPhone.ActiveCfg = Release|Any CPU
		{FDA1A99B-057C-4F37-8615-A677899A9CDB}.Release|iPhone.Build.0 = Release|Any CPU
		{FDA1A99B-057C-4F37-8615-A677899A9CDB}.Release|iPhone.Deploy.0 = Release|Any CPU
		{FDA1A99B-057C-4F37-8615-A677899A9CDB}.Release|iPhoneSimulator.ActiveCfg = Release|Any CPU
		{FDA1A99B-057C-4F37-8615-A677899A9CDB}.Release|iPhoneSimulator.Build.0 = Release|Any CPU
		{FDA1A99B-057C-4F37-8615-A677899A9CDB}.Release|iPhoneSimulator.Deploy.0 = Release|Any CPU
		{FDA1A99B-057C-4F37-8615-A677899A9CDB}.Release|x64.ActiveCfg = Release|Any CPU
		{FDA1A99B-057C-4F37-8615-A677899A9CDB}.Release|x64.Build.0 = Release|Any CPU
		{FDA1A99B-057C-4F37-8615-A677899A9CDB}.Release|x64.Deploy.0 = Release|Any CPU
		{FDA1A99B-057C-4F37-8615-A677899A9CDB}.Release|x86.ActiveCfg = Release|Any CPU
		{FDA1A99B-057C-4F37-8615-A677899A9CDB}.Release|x86.Build.0 = Release|Any CPU
		{FDA1A99B-057C-4F37-8615-A677899A9CDB}.Release|x86.Deploy.0 = Release|Any CPU
		{E98344D0-2D27-42AD-9A46-292D4A49EAE5}.Ad-Hoc|Any CPU.ActiveCfg = Debug|Any CPU
		{E98344D0-2D27-42AD-9A46-292D4A49EAE5}.Ad-Hoc|Any CPU.Build.0 = Debug|Any CPU
		{E98344D0-2D27-42AD-9A46-292D4A49EAE5}.Ad-Hoc|ARM.ActiveCfg = Debug|Any CPU
		{E98344D0-2D27-42AD-9A46-292D4A49EAE5}.Ad-Hoc|ARM.Build.0 = Debug|Any CPU
		{E98344D0-2D27-42AD-9A46-292D4A49EAE5}.Ad-Hoc|iPhone.ActiveCfg = Debug|Any CPU
		{E98344D0-2D27-42AD-9A46-292D4A49EAE5}.Ad-Hoc|iPhone.Build.0 = Debug|Any CPU
		{E98344D0-2D27-42AD-9A46-292D4A49EAE5}.Ad-Hoc|iPhoneSimulator.ActiveCfg = Debug|Any CPU
		{E98344D0-2D27-42AD-9A46-292D4A49EAE5}.Ad-Hoc|iPhoneSimulator.Build.0 = Debug|Any CPU
		{E98344D0-2D27-42AD-9A46-292D4A49EAE5}.Ad-Hoc|x64.ActiveCfg = Debug|Any CPU
		{E98344D0-2D27-42AD-9A46-292D4A49EAE5}.Ad-Hoc|x64.Build.0 = Debug|Any CPU
		{E98344D0-2D27-42AD-9A46-292D4A49EAE5}.Ad-Hoc|x86.ActiveCfg = Debug|Any CPU
		{E98344D0-2D27-42AD-9A46-292D4A49EAE5}.Ad-Hoc|x86.Build.0 = Debug|Any CPU
		{E98344D0-2D27-42AD-9A46-292D4A49EAE5}.AppStore|Any CPU.ActiveCfg = Debug|Any CPU
		{E98344D0-2D27-42AD-9A46-292D4A49EAE5}.AppStore|Any CPU.Build.0 = Debug|Any CPU
		{E98344D0-2D27-42AD-9A46-292D4A49EAE5}.AppStore|ARM.ActiveCfg = Debug|Any CPU
		{E98344D0-2D27-42AD-9A46-292D4A49EAE5}.AppStore|ARM.Build.0 = Debug|Any CPU
		{E98344D0-2D27-42AD-9A46-292D4A49EAE5}.AppStore|iPhone.ActiveCfg = Debug|Any CPU
		{E98344D0-2D27-42AD-9A46-292D4A49EAE5}.AppStore|iPhone.Build.0 = Debug|Any CPU
		{E98344D0-2D27-42AD-9A46-292D4A49EAE5}.AppStore|iPhoneSimulator.ActiveCfg = Debug|Any CPU
		{E98344D0-2D27-42AD-9A46-292D4A49EAE5}.AppStore|iPhoneSimulator.Build.0 = Debug|Any CPU
		{E98344D0-2D27-42AD-9A46-292D4A49EAE5}.AppStore|x64.ActiveCfg = Debug|Any CPU
		{E98344D0-2D27-42AD-9A46-292D4A49EAE5}.AppStore|x64.Build.0 = Debug|Any CPU
		{E98344D0-2D27-42AD-9A46-292D4A49EAE5}.AppStore|x86.ActiveCfg = Debug|Any CPU
		{E98344D0-2D27-42AD-9A46-292D4A49EAE5}.AppStore|x86.Build.0 = Debug|Any CPU
		{E98344D0-2D27-42AD-9A46-292D4A49EAE5}.Debug|Any CPU.ActiveCfg = Debug|Any CPU
		{E98344D0-2D27-42AD-9A46-292D4A49EAE5}.Debug|Any CPU.Build.0 = Debug|Any CPU
		{E98344D0-2D27-42AD-9A46-292D4A49EAE5}.Debug|ARM.ActiveCfg = Debug|Any CPU
		{E98344D0-2D27-42AD-9A46-292D4A49EAE5}.Debug|ARM.Build.0 = Debug|Any CPU
		{E98344D0-2D27-42AD-9A46-292D4A49EAE5}.Debug|iPhone.ActiveCfg = Debug|Any CPU
		{E98344D0-2D27-42AD-9A46-292D4A49EAE5}.Debug|iPhone.Build.0 = Debug|Any CPU
		{E98344D0-2D27-42AD-9A46-292D4A49EAE5}.Debug|iPhoneSimulator.ActiveCfg = Debug|Any CPU
		{E98344D0-2D27-42AD-9A46-292D4A49EAE5}.Debug|iPhoneSimulator.Build.0 = Debug|Any CPU
		{E98344D0-2D27-42AD-9A46-292D4A49EAE5}.Debug|x64.ActiveCfg = Debug|Any CPU
		{E98344D0-2D27-42AD-9A46-292D4A49EAE5}.Debug|x64.Build.0 = Debug|Any CPU
		{E98344D0-2D27-42AD-9A46-292D4A49EAE5}.Debug|x86.ActiveCfg = Debug|Any CPU
		{E98344D0-2D27-42AD-9A46-292D4A49EAE5}.Debug|x86.Build.0 = Debug|Any CPU
		{E98344D0-2D27-42AD-9A46-292D4A49EAE5}.Release|Any CPU.ActiveCfg = Release|Any CPU
		{E98344D0-2D27-42AD-9A46-292D4A49EAE5}.Release|Any CPU.Build.0 = Release|Any CPU
		{E98344D0-2D27-42AD-9A46-292D4A49EAE5}.Release|ARM.ActiveCfg = Release|Any CPU
		{E98344D0-2D27-42AD-9A46-292D4A49EAE5}.Release|ARM.Build.0 = Release|Any CPU
		{E98344D0-2D27-42AD-9A46-292D4A49EAE5}.Release|iPhone.ActiveCfg = Release|Any CPU
		{E98344D0-2D27-42AD-9A46-292D4A49EAE5}.Release|iPhone.Build.0 = Release|Any CPU
		{E98344D0-2D27-42AD-9A46-292D4A49EAE5}.Release|iPhoneSimulator.ActiveCfg = Release|Any CPU
		{E98344D0-2D27-42AD-9A46-292D4A49EAE5}.Release|iPhoneSimulator.Build.0 = Release|Any CPU
		{E98344D0-2D27-42AD-9A46-292D4A49EAE5}.Release|x64.ActiveCfg = Release|Any CPU
		{E98344D0-2D27-42AD-9A46-292D4A49EAE5}.Release|x64.Build.0 = Release|Any CPU
		{E98344D0-2D27-42AD-9A46-292D4A49EAE5}.Release|x86.ActiveCfg = Release|Any CPU
		{E98344D0-2D27-42AD-9A46-292D4A49EAE5}.Release|x86.Build.0 = Release|Any CPU
		{AAF33314-C238-4143-B4ED-CB8EC1CBA263}.Ad-Hoc|Any CPU.ActiveCfg = Debug|Any CPU
		{AAF33314-C238-4143-B4ED-CB8EC1CBA263}.Ad-Hoc|Any CPU.Build.0 = Debug|Any CPU
		{AAF33314-C238-4143-B4ED-CB8EC1CBA263}.Ad-Hoc|Any CPU.Deploy.0 = Debug|Any CPU
		{AAF33314-C238-4143-B4ED-CB8EC1CBA263}.Ad-Hoc|ARM.ActiveCfg = Debug|Any CPU
		{AAF33314-C238-4143-B4ED-CB8EC1CBA263}.Ad-Hoc|ARM.Build.0 = Debug|Any CPU
		{AAF33314-C238-4143-B4ED-CB8EC1CBA263}.Ad-Hoc|ARM.Deploy.0 = Debug|Any CPU
		{AAF33314-C238-4143-B4ED-CB8EC1CBA263}.Ad-Hoc|iPhone.ActiveCfg = Debug|Any CPU
		{AAF33314-C238-4143-B4ED-CB8EC1CBA263}.Ad-Hoc|iPhone.Build.0 = Debug|Any CPU
		{AAF33314-C238-4143-B4ED-CB8EC1CBA263}.Ad-Hoc|iPhone.Deploy.0 = Debug|Any CPU
		{AAF33314-C238-4143-B4ED-CB8EC1CBA263}.Ad-Hoc|iPhoneSimulator.ActiveCfg = Debug|Any CPU
		{AAF33314-C238-4143-B4ED-CB8EC1CBA263}.Ad-Hoc|iPhoneSimulator.Build.0 = Debug|Any CPU
		{AAF33314-C238-4143-B4ED-CB8EC1CBA263}.Ad-Hoc|iPhoneSimulator.Deploy.0 = Debug|Any CPU
		{AAF33314-C238-4143-B4ED-CB8EC1CBA263}.Ad-Hoc|x64.ActiveCfg = Debug|Any CPU
		{AAF33314-C238-4143-B4ED-CB8EC1CBA263}.Ad-Hoc|x64.Build.0 = Debug|Any CPU
		{AAF33314-C238-4143-B4ED-CB8EC1CBA263}.Ad-Hoc|x64.Deploy.0 = Debug|Any CPU
		{AAF33314-C238-4143-B4ED-CB8EC1CBA263}.Ad-Hoc|x86.ActiveCfg = Debug|Any CPU
		{AAF33314-C238-4143-B4ED-CB8EC1CBA263}.Ad-Hoc|x86.Build.0 = Debug|Any CPU
		{AAF33314-C238-4143-B4ED-CB8EC1CBA263}.Ad-Hoc|x86.Deploy.0 = Debug|Any CPU
		{AAF33314-C238-4143-B4ED-CB8EC1CBA263}.AppStore|Any CPU.ActiveCfg = Debug|Any CPU
		{AAF33314-C238-4143-B4ED-CB8EC1CBA263}.AppStore|Any CPU.Build.0 = Debug|Any CPU
		{AAF33314-C238-4143-B4ED-CB8EC1CBA263}.AppStore|Any CPU.Deploy.0 = Debug|Any CPU
		{AAF33314-C238-4143-B4ED-CB8EC1CBA263}.AppStore|ARM.ActiveCfg = Debug|Any CPU
		{AAF33314-C238-4143-B4ED-CB8EC1CBA263}.AppStore|ARM.Build.0 = Debug|Any CPU
		{AAF33314-C238-4143-B4ED-CB8EC1CBA263}.AppStore|ARM.Deploy.0 = Debug|Any CPU
		{AAF33314-C238-4143-B4ED-CB8EC1CBA263}.AppStore|iPhone.ActiveCfg = Debug|Any CPU
		{AAF33314-C238-4143-B4ED-CB8EC1CBA263}.AppStore|iPhone.Build.0 = Debug|Any CPU
		{AAF33314-C238-4143-B4ED-CB8EC1CBA263}.AppStore|iPhone.Deploy.0 = Debug|Any CPU
		{AAF33314-C238-4143-B4ED-CB8EC1CBA263}.AppStore|iPhoneSimulator.ActiveCfg = Debug|Any CPU
		{AAF33314-C238-4143-B4ED-CB8EC1CBA263}.AppStore|iPhoneSimulator.Build.0 = Debug|Any CPU
		{AAF33314-C238-4143-B4ED-CB8EC1CBA263}.AppStore|iPhoneSimulator.Deploy.0 = Debug|Any CPU
		{AAF33314-C238-4143-B4ED-CB8EC1CBA263}.AppStore|x64.ActiveCfg = Debug|Any CPU
		{AAF33314-C238-4143-B4ED-CB8EC1CBA263}.AppStore|x64.Build.0 = Debug|Any CPU
		{AAF33314-C238-4143-B4ED-CB8EC1CBA263}.AppStore|x64.Deploy.0 = Debug|Any CPU
		{AAF33314-C238-4143-B4ED-CB8EC1CBA263}.AppStore|x86.ActiveCfg = Debug|Any CPU
		{AAF33314-C238-4143-B4ED-CB8EC1CBA263}.AppStore|x86.Build.0 = Debug|Any CPU
		{AAF33314-C238-4143-B4ED-CB8EC1CBA263}.AppStore|x86.Deploy.0 = Debug|Any CPU
		{AAF33314-C238-4143-B4ED-CB8EC1CBA263}.Debug|Any CPU.ActiveCfg = Debug|Any CPU
		{AAF33314-C238-4143-B4ED-CB8EC1CBA263}.Debug|Any CPU.Build.0 = Debug|Any CPU
		{AAF33314-C238-4143-B4ED-CB8EC1CBA263}.Debug|Any CPU.Deploy.0 = Debug|Any CPU
		{AAF33314-C238-4143-B4ED-CB8EC1CBA263}.Debug|ARM.ActiveCfg = Debug|Any CPU
		{AAF33314-C238-4143-B4ED-CB8EC1CBA263}.Debug|ARM.Build.0 = Debug|Any CPU
		{AAF33314-C238-4143-B4ED-CB8EC1CBA263}.Debug|ARM.Deploy.0 = Debug|Any CPU
		{AAF33314-C238-4143-B4ED-CB8EC1CBA263}.Debug|iPhone.ActiveCfg = Debug|Any CPU
		{AAF33314-C238-4143-B4ED-CB8EC1CBA263}.Debug|iPhone.Build.0 = Debug|Any CPU
		{AAF33314-C238-4143-B4ED-CB8EC1CBA263}.Debug|iPhone.Deploy.0 = Debug|Any CPU
		{AAF33314-C238-4143-B4ED-CB8EC1CBA263}.Debug|iPhoneSimulator.ActiveCfg = Debug|Any CPU
		{AAF33314-C238-4143-B4ED-CB8EC1CBA263}.Debug|iPhoneSimulator.Build.0 = Debug|Any CPU
		{AAF33314-C238-4143-B4ED-CB8EC1CBA263}.Debug|iPhoneSimulator.Deploy.0 = Debug|Any CPU
		{AAF33314-C238-4143-B4ED-CB8EC1CBA263}.Debug|x64.ActiveCfg = Debug|Any CPU
		{AAF33314-C238-4143-B4ED-CB8EC1CBA263}.Debug|x64.Build.0 = Debug|Any CPU
		{AAF33314-C238-4143-B4ED-CB8EC1CBA263}.Debug|x64.Deploy.0 = Debug|Any CPU
		{AAF33314-C238-4143-B4ED-CB8EC1CBA263}.Debug|x86.ActiveCfg = Debug|Any CPU
		{AAF33314-C238-4143-B4ED-CB8EC1CBA263}.Debug|x86.Build.0 = Debug|Any CPU
		{AAF33314-C238-4143-B4ED-CB8EC1CBA263}.Debug|x86.Deploy.0 = Debug|Any CPU
		{AAF33314-C238-4143-B4ED-CB8EC1CBA263}.Release|Any CPU.ActiveCfg = Release|Any CPU
		{AAF33314-C238-4143-B4ED-CB8EC1CBA263}.Release|Any CPU.Build.0 = Release|Any CPU
		{AAF33314-C238-4143-B4ED-CB8EC1CBA263}.Release|Any CPU.Deploy.0 = Release|Any CPU
		{AAF33314-C238-4143-B4ED-CB8EC1CBA263}.Release|ARM.ActiveCfg = Release|Any CPU
		{AAF33314-C238-4143-B4ED-CB8EC1CBA263}.Release|ARM.Build.0 = Release|Any CPU
		{AAF33314-C238-4143-B4ED-CB8EC1CBA263}.Release|ARM.Deploy.0 = Release|Any CPU
		{AAF33314-C238-4143-B4ED-CB8EC1CBA263}.Release|iPhone.ActiveCfg = Release|Any CPU
		{AAF33314-C238-4143-B4ED-CB8EC1CBA263}.Release|iPhone.Build.0 = Release|Any CPU
		{AAF33314-C238-4143-B4ED-CB8EC1CBA263}.Release|iPhone.Deploy.0 = Release|Any CPU
		{AAF33314-C238-4143-B4ED-CB8EC1CBA263}.Release|iPhoneSimulator.ActiveCfg = Release|Any CPU
		{AAF33314-C238-4143-B4ED-CB8EC1CBA263}.Release|iPhoneSimulator.Build.0 = Release|Any CPU
		{AAF33314-C238-4143-B4ED-CB8EC1CBA263}.Release|iPhoneSimulator.Deploy.0 = Release|Any CPU
		{AAF33314-C238-4143-B4ED-CB8EC1CBA263}.Release|x64.ActiveCfg = Release|Any CPU
		{AAF33314-C238-4143-B4ED-CB8EC1CBA263}.Release|x64.Build.0 = Release|Any CPU
		{AAF33314-C238-4143-B4ED-CB8EC1CBA263}.Release|x64.Deploy.0 = Release|Any CPU
		{AAF33314-C238-4143-B4ED-CB8EC1CBA263}.Release|x86.ActiveCfg = Release|Any CPU
		{AAF33314-C238-4143-B4ED-CB8EC1CBA263}.Release|x86.Build.0 = Release|Any CPU
		{AAF33314-C238-4143-B4ED-CB8EC1CBA263}.Release|x86.Deploy.0 = Release|Any CPU
		{63A8432B-FDED-46D6-94CE-875758ACA067}.Ad-Hoc|Any CPU.ActiveCfg = Debug|Any CPU
		{63A8432B-FDED-46D6-94CE-875758ACA067}.Ad-Hoc|Any CPU.Build.0 = Debug|Any CPU
		{63A8432B-FDED-46D6-94CE-875758ACA067}.Ad-Hoc|ARM.ActiveCfg = Debug|Any CPU
		{63A8432B-FDED-46D6-94CE-875758ACA067}.Ad-Hoc|ARM.Build.0 = Debug|Any CPU
		{63A8432B-FDED-46D6-94CE-875758ACA067}.Ad-Hoc|iPhone.ActiveCfg = Debug|Any CPU
		{63A8432B-FDED-46D6-94CE-875758ACA067}.Ad-Hoc|iPhone.Build.0 = Debug|Any CPU
		{63A8432B-FDED-46D6-94CE-875758ACA067}.Ad-Hoc|iPhoneSimulator.ActiveCfg = Debug|Any CPU
		{63A8432B-FDED-46D6-94CE-875758ACA067}.Ad-Hoc|iPhoneSimulator.Build.0 = Debug|Any CPU
		{63A8432B-FDED-46D6-94CE-875758ACA067}.Ad-Hoc|x64.ActiveCfg = Debug|Any CPU
		{63A8432B-FDED-46D6-94CE-875758ACA067}.Ad-Hoc|x64.Build.0 = Debug|Any CPU
		{63A8432B-FDED-46D6-94CE-875758ACA067}.Ad-Hoc|x86.ActiveCfg = Debug|Any CPU
		{63A8432B-FDED-46D6-94CE-875758ACA067}.Ad-Hoc|x86.Build.0 = Debug|Any CPU
		{63A8432B-FDED-46D6-94CE-875758ACA067}.AppStore|Any CPU.ActiveCfg = Debug|Any CPU
		{63A8432B-FDED-46D6-94CE-875758ACA067}.AppStore|Any CPU.Build.0 = Debug|Any CPU
		{63A8432B-FDED-46D6-94CE-875758ACA067}.AppStore|ARM.ActiveCfg = Debug|Any CPU
		{63A8432B-FDED-46D6-94CE-875758ACA067}.AppStore|ARM.Build.0 = Debug|Any CPU
		{63A8432B-FDED-46D6-94CE-875758ACA067}.AppStore|iPhone.ActiveCfg = Debug|Any CPU
		{63A8432B-FDED-46D6-94CE-875758ACA067}.AppStore|iPhone.Build.0 = Debug|Any CPU
		{63A8432B-FDED-46D6-94CE-875758ACA067}.AppStore|iPhoneSimulator.ActiveCfg = Debug|Any CPU
		{63A8432B-FDED-46D6-94CE-875758ACA067}.AppStore|iPhoneSimulator.Build.0 = Debug|Any CPU
		{63A8432B-FDED-46D6-94CE-875758ACA067}.AppStore|x64.ActiveCfg = Debug|Any CPU
		{63A8432B-FDED-46D6-94CE-875758ACA067}.AppStore|x64.Build.0 = Debug|Any CPU
		{63A8432B-FDED-46D6-94CE-875758ACA067}.AppStore|x86.ActiveCfg = Debug|Any CPU
		{63A8432B-FDED-46D6-94CE-875758ACA067}.AppStore|x86.Build.0 = Debug|Any CPU
		{63A8432B-FDED-46D6-94CE-875758ACA067}.Debug|Any CPU.ActiveCfg = Debug|Any CPU
		{63A8432B-FDED-46D6-94CE-875758ACA067}.Debug|Any CPU.Build.0 = Debug|Any CPU
		{63A8432B-FDED-46D6-94CE-875758ACA067}.Debug|ARM.ActiveCfg = Debug|Any CPU
		{63A8432B-FDED-46D6-94CE-875758ACA067}.Debug|ARM.Build.0 = Debug|Any CPU
		{63A8432B-FDED-46D6-94CE-875758ACA067}.Debug|iPhone.ActiveCfg = Debug|Any CPU
		{63A8432B-FDED-46D6-94CE-875758ACA067}.Debug|iPhone.Build.0 = Debug|Any CPU
		{63A8432B-FDED-46D6-94CE-875758ACA067}.Debug|iPhoneSimulator.ActiveCfg = Debug|Any CPU
		{63A8432B-FDED-46D6-94CE-875758ACA067}.Debug|iPhoneSimulator.Build.0 = Debug|Any CPU
		{63A8432B-FDED-46D6-94CE-875758ACA067}.Debug|x64.ActiveCfg = Debug|Any CPU
		{63A8432B-FDED-46D6-94CE-875758ACA067}.Debug|x64.Build.0 = Debug|Any CPU
		{63A8432B-FDED-46D6-94CE-875758ACA067}.Debug|x86.ActiveCfg = Debug|Any CPU
		{63A8432B-FDED-46D6-94CE-875758ACA067}.Debug|x86.Build.0 = Debug|Any CPU
		{63A8432B-FDED-46D6-94CE-875758ACA067}.Release|Any CPU.ActiveCfg = Release|Any CPU
		{63A8432B-FDED-46D6-94CE-875758ACA067}.Release|Any CPU.Build.0 = Release|Any CPU
		{63A8432B-FDED-46D6-94CE-875758ACA067}.Release|ARM.ActiveCfg = Release|Any CPU
		{63A8432B-FDED-46D6-94CE-875758ACA067}.Release|ARM.Build.0 = Release|Any CPU
		{63A8432B-FDED-46D6-94CE-875758ACA067}.Release|iPhone.ActiveCfg = Release|Any CPU
		{63A8432B-FDED-46D6-94CE-875758ACA067}.Release|iPhone.Build.0 = Release|Any CPU
		{63A8432B-FDED-46D6-94CE-875758ACA067}.Release|iPhoneSimulator.ActiveCfg = Release|Any CPU
		{63A8432B-FDED-46D6-94CE-875758ACA067}.Release|iPhoneSimulator.Build.0 = Release|Any CPU
		{63A8432B-FDED-46D6-94CE-875758ACA067}.Release|x64.ActiveCfg = Release|Any CPU
		{63A8432B-FDED-46D6-94CE-875758ACA067}.Release|x64.Build.0 = Release|Any CPU
		{63A8432B-FDED-46D6-94CE-875758ACA067}.Release|x86.ActiveCfg = Release|Any CPU
		{63A8432B-FDED-46D6-94CE-875758ACA067}.Release|x86.Build.0 = Release|Any CPU
		{7230AA5E-9A80-4BB7-B59A-2755A6B583D8}.Ad-Hoc|Any CPU.ActiveCfg = Release|Any CPU
		{7230AA5E-9A80-4BB7-B59A-2755A6B583D8}.Ad-Hoc|Any CPU.Build.0 = Release|Any CPU
		{7230AA5E-9A80-4BB7-B59A-2755A6B583D8}.Ad-Hoc|ARM.ActiveCfg = Release|Any CPU
		{7230AA5E-9A80-4BB7-B59A-2755A6B583D8}.Ad-Hoc|ARM.Build.0 = Release|Any CPU
		{7230AA5E-9A80-4BB7-B59A-2755A6B583D8}.Ad-Hoc|iPhone.ActiveCfg = Release|Any CPU
		{7230AA5E-9A80-4BB7-B59A-2755A6B583D8}.Ad-Hoc|iPhone.Build.0 = Release|Any CPU
		{7230AA5E-9A80-4BB7-B59A-2755A6B583D8}.Ad-Hoc|iPhoneSimulator.ActiveCfg = Release|Any CPU
		{7230AA5E-9A80-4BB7-B59A-2755A6B583D8}.Ad-Hoc|iPhoneSimulator.Build.0 = Release|Any CPU
		{7230AA5E-9A80-4BB7-B59A-2755A6B583D8}.Ad-Hoc|x64.ActiveCfg = Release|Any CPU
		{7230AA5E-9A80-4BB7-B59A-2755A6B583D8}.Ad-Hoc|x64.Build.0 = Release|Any CPU
		{7230AA5E-9A80-4BB7-B59A-2755A6B583D8}.Ad-Hoc|x86.ActiveCfg = Release|Any CPU
		{7230AA5E-9A80-4BB7-B59A-2755A6B583D8}.Ad-Hoc|x86.Build.0 = Release|Any CPU
		{7230AA5E-9A80-4BB7-B59A-2755A6B583D8}.AppStore|Any CPU.ActiveCfg = Release|Any CPU
		{7230AA5E-9A80-4BB7-B59A-2755A6B583D8}.AppStore|Any CPU.Build.0 = Release|Any CPU
		{7230AA5E-9A80-4BB7-B59A-2755A6B583D8}.AppStore|ARM.ActiveCfg = Release|Any CPU
		{7230AA5E-9A80-4BB7-B59A-2755A6B583D8}.AppStore|ARM.Build.0 = Release|Any CPU
		{7230AA5E-9A80-4BB7-B59A-2755A6B583D8}.AppStore|iPhone.ActiveCfg = Release|Any CPU
		{7230AA5E-9A80-4BB7-B59A-2755A6B583D8}.AppStore|iPhone.Build.0 = Release|Any CPU
		{7230AA5E-9A80-4BB7-B59A-2755A6B583D8}.AppStore|iPhoneSimulator.ActiveCfg = Release|Any CPU
		{7230AA5E-9A80-4BB7-B59A-2755A6B583D8}.AppStore|iPhoneSimulator.Build.0 = Release|Any CPU
		{7230AA5E-9A80-4BB7-B59A-2755A6B583D8}.AppStore|x64.ActiveCfg = Release|Any CPU
		{7230AA5E-9A80-4BB7-B59A-2755A6B583D8}.AppStore|x64.Build.0 = Release|Any CPU
		{7230AA5E-9A80-4BB7-B59A-2755A6B583D8}.AppStore|x86.ActiveCfg = Release|Any CPU
		{7230AA5E-9A80-4BB7-B59A-2755A6B583D8}.AppStore|x86.Build.0 = Release|Any CPU
		{7230AA5E-9A80-4BB7-B59A-2755A6B583D8}.Debug|Any CPU.ActiveCfg = Debug|Any CPU
		{7230AA5E-9A80-4BB7-B59A-2755A6B583D8}.Debug|Any CPU.Build.0 = Debug|Any CPU
		{7230AA5E-9A80-4BB7-B59A-2755A6B583D8}.Debug|ARM.ActiveCfg = Debug|Any CPU
		{7230AA5E-9A80-4BB7-B59A-2755A6B583D8}.Debug|ARM.Build.0 = Debug|Any CPU
		{7230AA5E-9A80-4BB7-B59A-2755A6B583D8}.Debug|iPhone.ActiveCfg = Debug|Any CPU
		{7230AA5E-9A80-4BB7-B59A-2755A6B583D8}.Debug|iPhone.Build.0 = Debug|Any CPU
		{7230AA5E-9A80-4BB7-B59A-2755A6B583D8}.Debug|iPhoneSimulator.ActiveCfg = Debug|Any CPU
		{7230AA5E-9A80-4BB7-B59A-2755A6B583D8}.Debug|iPhoneSimulator.Build.0 = Debug|Any CPU
		{7230AA5E-9A80-4BB7-B59A-2755A6B583D8}.Debug|x64.ActiveCfg = Debug|Any CPU
		{7230AA5E-9A80-4BB7-B59A-2755A6B583D8}.Debug|x64.Build.0 = Debug|Any CPU
		{7230AA5E-9A80-4BB7-B59A-2755A6B583D8}.Debug|x86.ActiveCfg = Debug|Any CPU
		{7230AA5E-9A80-4BB7-B59A-2755A6B583D8}.Debug|x86.Build.0 = Debug|Any CPU
		{7230AA5E-9A80-4BB7-B59A-2755A6B583D8}.Release|Any CPU.ActiveCfg = Release|Any CPU
		{7230AA5E-9A80-4BB7-B59A-2755A6B583D8}.Release|Any CPU.Build.0 = Release|Any CPU
		{7230AA5E-9A80-4BB7-B59A-2755A6B583D8}.Release|ARM.ActiveCfg = Release|Any CPU
		{7230AA5E-9A80-4BB7-B59A-2755A6B583D8}.Release|ARM.Build.0 = Release|Any CPU
		{7230AA5E-9A80-4BB7-B59A-2755A6B583D8}.Release|iPhone.ActiveCfg = Release|Any CPU
		{7230AA5E-9A80-4BB7-B59A-2755A6B583D8}.Release|iPhone.Build.0 = Release|Any CPU
		{7230AA5E-9A80-4BB7-B59A-2755A6B583D8}.Release|iPhoneSimulator.ActiveCfg = Release|Any CPU
		{7230AA5E-9A80-4BB7-B59A-2755A6B583D8}.Release|iPhoneSimulator.Build.0 = Release|Any CPU
		{7230AA5E-9A80-4BB7-B59A-2755A6B583D8}.Release|x64.ActiveCfg = Release|Any CPU
		{7230AA5E-9A80-4BB7-B59A-2755A6B583D8}.Release|x64.Build.0 = Release|Any CPU
		{7230AA5E-9A80-4BB7-B59A-2755A6B583D8}.Release|x86.ActiveCfg = Release|Any CPU
		{7230AA5E-9A80-4BB7-B59A-2755A6B583D8}.Release|x86.Build.0 = Release|Any CPU
		{502E31C4-F2E3-4C11-BFF7-527207CBD07E}.Ad-Hoc|Any CPU.ActiveCfg = Debug|Any CPU
		{502E31C4-F2E3-4C11-BFF7-527207CBD07E}.Ad-Hoc|Any CPU.Build.0 = Debug|Any CPU
		{502E31C4-F2E3-4C11-BFF7-527207CBD07E}.Ad-Hoc|ARM.ActiveCfg = Debug|Any CPU
		{502E31C4-F2E3-4C11-BFF7-527207CBD07E}.Ad-Hoc|ARM.Build.0 = Debug|Any CPU
		{502E31C4-F2E3-4C11-BFF7-527207CBD07E}.Ad-Hoc|iPhone.ActiveCfg = Debug|Any CPU
		{502E31C4-F2E3-4C11-BFF7-527207CBD07E}.Ad-Hoc|iPhone.Build.0 = Debug|Any CPU
		{502E31C4-F2E3-4C11-BFF7-527207CBD07E}.Ad-Hoc|iPhoneSimulator.ActiveCfg = Debug|Any CPU
		{502E31C4-F2E3-4C11-BFF7-527207CBD07E}.Ad-Hoc|iPhoneSimulator.Build.0 = Debug|Any CPU
		{502E31C4-F2E3-4C11-BFF7-527207CBD07E}.Ad-Hoc|x64.ActiveCfg = Debug|Any CPU
		{502E31C4-F2E3-4C11-BFF7-527207CBD07E}.Ad-Hoc|x64.Build.0 = Debug|Any CPU
		{502E31C4-F2E3-4C11-BFF7-527207CBD07E}.Ad-Hoc|x86.ActiveCfg = Debug|Any CPU
		{502E31C4-F2E3-4C11-BFF7-527207CBD07E}.Ad-Hoc|x86.Build.0 = Debug|Any CPU
		{502E31C4-F2E3-4C11-BFF7-527207CBD07E}.AppStore|Any CPU.ActiveCfg = Debug|Any CPU
		{502E31C4-F2E3-4C11-BFF7-527207CBD07E}.AppStore|Any CPU.Build.0 = Debug|Any CPU
		{502E31C4-F2E3-4C11-BFF7-527207CBD07E}.AppStore|ARM.ActiveCfg = Debug|Any CPU
		{502E31C4-F2E3-4C11-BFF7-527207CBD07E}.AppStore|ARM.Build.0 = Debug|Any CPU
		{502E31C4-F2E3-4C11-BFF7-527207CBD07E}.AppStore|iPhone.ActiveCfg = Debug|Any CPU
		{502E31C4-F2E3-4C11-BFF7-527207CBD07E}.AppStore|iPhone.Build.0 = Debug|Any CPU
		{502E31C4-F2E3-4C11-BFF7-527207CBD07E}.AppStore|iPhoneSimulator.ActiveCfg = Debug|Any CPU
		{502E31C4-F2E3-4C11-BFF7-527207CBD07E}.AppStore|iPhoneSimulator.Build.0 = Debug|Any CPU
		{502E31C4-F2E3-4C11-BFF7-527207CBD07E}.AppStore|x64.ActiveCfg = Debug|Any CPU
		{502E31C4-F2E3-4C11-BFF7-527207CBD07E}.AppStore|x64.Build.0 = Debug|Any CPU
		{502E31C4-F2E3-4C11-BFF7-527207CBD07E}.AppStore|x86.ActiveCfg = Debug|Any CPU
		{502E31C4-F2E3-4C11-BFF7-527207CBD07E}.AppStore|x86.Build.0 = Debug|Any CPU
		{502E31C4-F2E3-4C11-BFF7-527207CBD07E}.Debug|Any CPU.ActiveCfg = Debug|Any CPU
		{502E31C4-F2E3-4C11-BFF7-527207CBD07E}.Debug|Any CPU.Build.0 = Debug|Any CPU
		{502E31C4-F2E3-4C11-BFF7-527207CBD07E}.Debug|ARM.ActiveCfg = Debug|Any CPU
		{502E31C4-F2E3-4C11-BFF7-527207CBD07E}.Debug|ARM.Build.0 = Debug|Any CPU
		{502E31C4-F2E3-4C11-BFF7-527207CBD07E}.Debug|iPhone.ActiveCfg = Debug|Any CPU
		{502E31C4-F2E3-4C11-BFF7-527207CBD07E}.Debug|iPhone.Build.0 = Debug|Any CPU
		{502E31C4-F2E3-4C11-BFF7-527207CBD07E}.Debug|iPhoneSimulator.ActiveCfg = Debug|Any CPU
		{502E31C4-F2E3-4C11-BFF7-527207CBD07E}.Debug|iPhoneSimulator.Build.0 = Debug|Any CPU
		{502E31C4-F2E3-4C11-BFF7-527207CBD07E}.Debug|x64.ActiveCfg = Debug|Any CPU
		{502E31C4-F2E3-4C11-BFF7-527207CBD07E}.Debug|x64.Build.0 = Debug|Any CPU
		{502E31C4-F2E3-4C11-BFF7-527207CBD07E}.Debug|x86.ActiveCfg = Debug|Any CPU
		{502E31C4-F2E3-4C11-BFF7-527207CBD07E}.Debug|x86.Build.0 = Debug|Any CPU
		{502E31C4-F2E3-4C11-BFF7-527207CBD07E}.Release|Any CPU.ActiveCfg = Release|Any CPU
		{502E31C4-F2E3-4C11-BFF7-527207CBD07E}.Release|Any CPU.Build.0 = Release|Any CPU
		{502E31C4-F2E3-4C11-BFF7-527207CBD07E}.Release|ARM.ActiveCfg = Release|Any CPU
		{502E31C4-F2E3-4C11-BFF7-527207CBD07E}.Release|ARM.Build.0 = Release|Any CPU
		{502E31C4-F2E3-4C11-BFF7-527207CBD07E}.Release|iPhone.ActiveCfg = Release|Any CPU
		{502E31C4-F2E3-4C11-BFF7-527207CBD07E}.Release|iPhone.Build.0 = Release|Any CPU
		{502E31C4-F2E3-4C11-BFF7-527207CBD07E}.Release|iPhoneSimulator.ActiveCfg = Release|Any CPU
		{502E31C4-F2E3-4C11-BFF7-527207CBD07E}.Release|iPhoneSimulator.Build.0 = Release|Any CPU
		{502E31C4-F2E3-4C11-BFF7-527207CBD07E}.Release|x64.ActiveCfg = Release|Any CPU
		{502E31C4-F2E3-4C11-BFF7-527207CBD07E}.Release|x64.Build.0 = Release|Any CPU
		{502E31C4-F2E3-4C11-BFF7-527207CBD07E}.Release|x86.ActiveCfg = Release|Any CPU
		{502E31C4-F2E3-4C11-BFF7-527207CBD07E}.Release|x86.Build.0 = Release|Any CPU
		{1AC78ECD-719A-41C3-B324-B41F5DEF3976}.Ad-Hoc|Any CPU.ActiveCfg = Release|Any CPU
		{1AC78ECD-719A-41C3-B324-B41F5DEF3976}.Ad-Hoc|Any CPU.Build.0 = Release|Any CPU
		{1AC78ECD-719A-41C3-B324-B41F5DEF3976}.Ad-Hoc|ARM.ActiveCfg = Release|Any CPU
		{1AC78ECD-719A-41C3-B324-B41F5DEF3976}.Ad-Hoc|ARM.Build.0 = Release|Any CPU
		{1AC78ECD-719A-41C3-B324-B41F5DEF3976}.Ad-Hoc|iPhone.ActiveCfg = Release|Any CPU
		{1AC78ECD-719A-41C3-B324-B41F5DEF3976}.Ad-Hoc|iPhone.Build.0 = Release|Any CPU
		{1AC78ECD-719A-41C3-B324-B41F5DEF3976}.Ad-Hoc|iPhoneSimulator.ActiveCfg = Release|Any CPU
		{1AC78ECD-719A-41C3-B324-B41F5DEF3976}.Ad-Hoc|iPhoneSimulator.Build.0 = Release|Any CPU
		{1AC78ECD-719A-41C3-B324-B41F5DEF3976}.Ad-Hoc|x64.ActiveCfg = Release|Any CPU
		{1AC78ECD-719A-41C3-B324-B41F5DEF3976}.Ad-Hoc|x64.Build.0 = Release|Any CPU
		{1AC78ECD-719A-41C3-B324-B41F5DEF3976}.Ad-Hoc|x86.ActiveCfg = Release|Any CPU
		{1AC78ECD-719A-41C3-B324-B41F5DEF3976}.Ad-Hoc|x86.Build.0 = Release|Any CPU
		{1AC78ECD-719A-41C3-B324-B41F5DEF3976}.AppStore|Any CPU.ActiveCfg = Release|Any CPU
		{1AC78ECD-719A-41C3-B324-B41F5DEF3976}.AppStore|Any CPU.Build.0 = Release|Any CPU
		{1AC78ECD-719A-41C3-B324-B41F5DEF3976}.AppStore|ARM.ActiveCfg = Release|Any CPU
		{1AC78ECD-719A-41C3-B324-B41F5DEF3976}.AppStore|ARM.Build.0 = Release|Any CPU
		{1AC78ECD-719A-41C3-B324-B41F5DEF3976}.AppStore|iPhone.ActiveCfg = Release|Any CPU
		{1AC78ECD-719A-41C3-B324-B41F5DEF3976}.AppStore|iPhone.Build.0 = Release|Any CPU
		{1AC78ECD-719A-41C3-B324-B41F5DEF3976}.AppStore|iPhoneSimulator.ActiveCfg = Release|Any CPU
		{1AC78ECD-719A-41C3-B324-B41F5DEF3976}.AppStore|iPhoneSimulator.Build.0 = Release|Any CPU
		{1AC78ECD-719A-41C3-B324-B41F5DEF3976}.AppStore|x64.ActiveCfg = Release|Any CPU
		{1AC78ECD-719A-41C3-B324-B41F5DEF3976}.AppStore|x64.Build.0 = Release|Any CPU
		{1AC78ECD-719A-41C3-B324-B41F5DEF3976}.AppStore|x86.ActiveCfg = Release|Any CPU
		{1AC78ECD-719A-41C3-B324-B41F5DEF3976}.AppStore|x86.Build.0 = Release|Any CPU
		{1AC78ECD-719A-41C3-B324-B41F5DEF3976}.Debug|Any CPU.ActiveCfg = Debug|Any CPU
		{1AC78ECD-719A-41C3-B324-B41F5DEF3976}.Debug|Any CPU.Build.0 = Debug|Any CPU
		{1AC78ECD-719A-41C3-B324-B41F5DEF3976}.Debug|ARM.ActiveCfg = Debug|Any CPU
		{1AC78ECD-719A-41C3-B324-B41F5DEF3976}.Debug|ARM.Build.0 = Debug|Any CPU
		{1AC78ECD-719A-41C3-B324-B41F5DEF3976}.Debug|iPhone.ActiveCfg = Debug|Any CPU
		{1AC78ECD-719A-41C3-B324-B41F5DEF3976}.Debug|iPhone.Build.0 = Debug|Any CPU
		{1AC78ECD-719A-41C3-B324-B41F5DEF3976}.Debug|iPhoneSimulator.ActiveCfg = Debug|Any CPU
		{1AC78ECD-719A-41C3-B324-B41F5DEF3976}.Debug|iPhoneSimulator.Build.0 = Debug|Any CPU
		{1AC78ECD-719A-41C3-B324-B41F5DEF3976}.Debug|x64.ActiveCfg = Debug|Any CPU
		{1AC78ECD-719A-41C3-B324-B41F5DEF3976}.Debug|x64.Build.0 = Debug|Any CPU
		{1AC78ECD-719A-41C3-B324-B41F5DEF3976}.Debug|x86.ActiveCfg = Debug|Any CPU
		{1AC78ECD-719A-41C3-B324-B41F5DEF3976}.Debug|x86.Build.0 = Debug|Any CPU
		{1AC78ECD-719A-41C3-B324-B41F5DEF3976}.Release|Any CPU.ActiveCfg = Release|Any CPU
		{1AC78ECD-719A-41C3-B324-B41F5DEF3976}.Release|Any CPU.Build.0 = Release|Any CPU
		{1AC78ECD-719A-41C3-B324-B41F5DEF3976}.Release|ARM.ActiveCfg = Release|Any CPU
		{1AC78ECD-719A-41C3-B324-B41F5DEF3976}.Release|ARM.Build.0 = Release|Any CPU
		{1AC78ECD-719A-41C3-B324-B41F5DEF3976}.Release|iPhone.ActiveCfg = Release|Any CPU
		{1AC78ECD-719A-41C3-B324-B41F5DEF3976}.Release|iPhone.Build.0 = Release|Any CPU
		{1AC78ECD-719A-41C3-B324-B41F5DEF3976}.Release|iPhoneSimulator.ActiveCfg = Release|Any CPU
		{1AC78ECD-719A-41C3-B324-B41F5DEF3976}.Release|iPhoneSimulator.Build.0 = Release|Any CPU
		{1AC78ECD-719A-41C3-B324-B41F5DEF3976}.Release|x64.ActiveCfg = Release|Any CPU
		{1AC78ECD-719A-41C3-B324-B41F5DEF3976}.Release|x64.Build.0 = Release|Any CPU
		{1AC78ECD-719A-41C3-B324-B41F5DEF3976}.Release|x86.ActiveCfg = Release|Any CPU
		{1AC78ECD-719A-41C3-B324-B41F5DEF3976}.Release|x86.Build.0 = Release|Any CPU
		{D3CF0368-21DC-4D26-BF7D-840533AAD635}.Ad-Hoc|Any CPU.ActiveCfg = Ad-Hoc|iPhone
		{D3CF0368-21DC-4D26-BF7D-840533AAD635}.Ad-Hoc|ARM.ActiveCfg = Ad-Hoc|iPhone
		{D3CF0368-21DC-4D26-BF7D-840533AAD635}.Ad-Hoc|iPhone.ActiveCfg = Ad-Hoc|iPhone
		{D3CF0368-21DC-4D26-BF7D-840533AAD635}.Ad-Hoc|iPhone.Build.0 = Ad-Hoc|iPhone
		{D3CF0368-21DC-4D26-BF7D-840533AAD635}.Ad-Hoc|iPhoneSimulator.ActiveCfg = Ad-Hoc|iPhoneSimulator
		{D3CF0368-21DC-4D26-BF7D-840533AAD635}.Ad-Hoc|iPhoneSimulator.Build.0 = Ad-Hoc|iPhoneSimulator
		{D3CF0368-21DC-4D26-BF7D-840533AAD635}.Ad-Hoc|x64.ActiveCfg = Ad-Hoc|iPhone
		{D3CF0368-21DC-4D26-BF7D-840533AAD635}.Ad-Hoc|x86.ActiveCfg = Ad-Hoc|iPhone
		{D3CF0368-21DC-4D26-BF7D-840533AAD635}.AppStore|Any CPU.ActiveCfg = AppStore|iPhone
		{D3CF0368-21DC-4D26-BF7D-840533AAD635}.AppStore|ARM.ActiveCfg = AppStore|iPhone
		{D3CF0368-21DC-4D26-BF7D-840533AAD635}.AppStore|iPhone.ActiveCfg = AppStore|iPhone
		{D3CF0368-21DC-4D26-BF7D-840533AAD635}.AppStore|iPhone.Build.0 = AppStore|iPhone
		{D3CF0368-21DC-4D26-BF7D-840533AAD635}.AppStore|iPhoneSimulator.ActiveCfg = AppStore|iPhoneSimulator
		{D3CF0368-21DC-4D26-BF7D-840533AAD635}.AppStore|iPhoneSimulator.Build.0 = AppStore|iPhoneSimulator
		{D3CF0368-21DC-4D26-BF7D-840533AAD635}.AppStore|x64.ActiveCfg = AppStore|iPhone
		{D3CF0368-21DC-4D26-BF7D-840533AAD635}.AppStore|x86.ActiveCfg = AppStore|iPhone
		{D3CF0368-21DC-4D26-BF7D-840533AAD635}.Debug|Any CPU.ActiveCfg = Debug|iPhone
		{D3CF0368-21DC-4D26-BF7D-840533AAD635}.Debug|ARM.ActiveCfg = Debug|iPhone
		{D3CF0368-21DC-4D26-BF7D-840533AAD635}.Debug|iPhone.ActiveCfg = Debug|iPhone
		{D3CF0368-21DC-4D26-BF7D-840533AAD635}.Debug|iPhone.Build.0 = Debug|iPhone
		{D3CF0368-21DC-4D26-BF7D-840533AAD635}.Debug|iPhoneSimulator.ActiveCfg = Debug|iPhoneSimulator
		{D3CF0368-21DC-4D26-BF7D-840533AAD635}.Debug|iPhoneSimulator.Build.0 = Debug|iPhoneSimulator
		{D3CF0368-21DC-4D26-BF7D-840533AAD635}.Debug|x64.ActiveCfg = Debug|iPhone
		{D3CF0368-21DC-4D26-BF7D-840533AAD635}.Debug|x86.ActiveCfg = Debug|iPhone
		{D3CF0368-21DC-4D26-BF7D-840533AAD635}.Release|Any CPU.ActiveCfg = Release|iPhone
		{D3CF0368-21DC-4D26-BF7D-840533AAD635}.Release|Any CPU.Build.0 = Release|iPhone
		{D3CF0368-21DC-4D26-BF7D-840533AAD635}.Release|ARM.ActiveCfg = Release|iPhone
		{D3CF0368-21DC-4D26-BF7D-840533AAD635}.Release|iPhone.ActiveCfg = Release|iPhone
		{D3CF0368-21DC-4D26-BF7D-840533AAD635}.Release|iPhone.Build.0 = Release|iPhone
		{D3CF0368-21DC-4D26-BF7D-840533AAD635}.Release|iPhoneSimulator.ActiveCfg = Release|iPhoneSimulator
		{D3CF0368-21DC-4D26-BF7D-840533AAD635}.Release|iPhoneSimulator.Build.0 = Release|iPhoneSimulator
		{D3CF0368-21DC-4D26-BF7D-840533AAD635}.Release|x64.ActiveCfg = Release|iPhone
		{D3CF0368-21DC-4D26-BF7D-840533AAD635}.Release|x86.ActiveCfg = Release|iPhone
		{4D476A0B-8736-4802-B0B3-1085A775765F}.Ad-Hoc|Any CPU.ActiveCfg = Release|x86
		{4D476A0B-8736-4802-B0B3-1085A775765F}.Ad-Hoc|Any CPU.Build.0 = Release|x86
		{4D476A0B-8736-4802-B0B3-1085A775765F}.Ad-Hoc|Any CPU.Deploy.0 = Release|x86
		{4D476A0B-8736-4802-B0B3-1085A775765F}.Ad-Hoc|ARM.ActiveCfg = Release|ARM
		{4D476A0B-8736-4802-B0B3-1085A775765F}.Ad-Hoc|ARM.Build.0 = Release|ARM
		{4D476A0B-8736-4802-B0B3-1085A775765F}.Ad-Hoc|ARM.Deploy.0 = Release|ARM
		{4D476A0B-8736-4802-B0B3-1085A775765F}.Ad-Hoc|iPhone.ActiveCfg = Release|x86
		{4D476A0B-8736-4802-B0B3-1085A775765F}.Ad-Hoc|iPhone.Build.0 = Release|x86
		{4D476A0B-8736-4802-B0B3-1085A775765F}.Ad-Hoc|iPhone.Deploy.0 = Release|x86
		{4D476A0B-8736-4802-B0B3-1085A775765F}.Ad-Hoc|iPhoneSimulator.ActiveCfg = Release|x86
		{4D476A0B-8736-4802-B0B3-1085A775765F}.Ad-Hoc|iPhoneSimulator.Build.0 = Release|x86
		{4D476A0B-8736-4802-B0B3-1085A775765F}.Ad-Hoc|iPhoneSimulator.Deploy.0 = Release|x86
		{4D476A0B-8736-4802-B0B3-1085A775765F}.Ad-Hoc|x64.ActiveCfg = Release|x64
		{4D476A0B-8736-4802-B0B3-1085A775765F}.Ad-Hoc|x64.Build.0 = Release|x64
		{4D476A0B-8736-4802-B0B3-1085A775765F}.Ad-Hoc|x64.Deploy.0 = Release|x64
		{4D476A0B-8736-4802-B0B3-1085A775765F}.Ad-Hoc|x86.ActiveCfg = Release|x86
		{4D476A0B-8736-4802-B0B3-1085A775765F}.Ad-Hoc|x86.Build.0 = Release|x86
		{4D476A0B-8736-4802-B0B3-1085A775765F}.Ad-Hoc|x86.Deploy.0 = Release|x86
		{4D476A0B-8736-4802-B0B3-1085A775765F}.AppStore|Any CPU.ActiveCfg = Release|x86
		{4D476A0B-8736-4802-B0B3-1085A775765F}.AppStore|Any CPU.Build.0 = Release|x86
		{4D476A0B-8736-4802-B0B3-1085A775765F}.AppStore|Any CPU.Deploy.0 = Release|x86
		{4D476A0B-8736-4802-B0B3-1085A775765F}.AppStore|ARM.ActiveCfg = Release|ARM
		{4D476A0B-8736-4802-B0B3-1085A775765F}.AppStore|ARM.Build.0 = Release|ARM
		{4D476A0B-8736-4802-B0B3-1085A775765F}.AppStore|ARM.Deploy.0 = Release|ARM
		{4D476A0B-8736-4802-B0B3-1085A775765F}.AppStore|iPhone.ActiveCfg = Release|x86
		{4D476A0B-8736-4802-B0B3-1085A775765F}.AppStore|iPhone.Build.0 = Release|x86
		{4D476A0B-8736-4802-B0B3-1085A775765F}.AppStore|iPhone.Deploy.0 = Release|x86
		{4D476A0B-8736-4802-B0B3-1085A775765F}.AppStore|iPhoneSimulator.ActiveCfg = Release|x86
		{4D476A0B-8736-4802-B0B3-1085A775765F}.AppStore|iPhoneSimulator.Build.0 = Release|x86
		{4D476A0B-8736-4802-B0B3-1085A775765F}.AppStore|iPhoneSimulator.Deploy.0 = Release|x86
		{4D476A0B-8736-4802-B0B3-1085A775765F}.AppStore|x64.ActiveCfg = Release|x64
		{4D476A0B-8736-4802-B0B3-1085A775765F}.AppStore|x64.Build.0 = Release|x64
		{4D476A0B-8736-4802-B0B3-1085A775765F}.AppStore|x64.Deploy.0 = Release|x64
		{4D476A0B-8736-4802-B0B3-1085A775765F}.AppStore|x86.ActiveCfg = Release|x86
		{4D476A0B-8736-4802-B0B3-1085A775765F}.AppStore|x86.Build.0 = Release|x86
		{4D476A0B-8736-4802-B0B3-1085A775765F}.AppStore|x86.Deploy.0 = Release|x86
		{4D476A0B-8736-4802-B0B3-1085A775765F}.Debug|Any CPU.ActiveCfg = Debug|x86
		{4D476A0B-8736-4802-B0B3-1085A775765F}.Debug|ARM.ActiveCfg = Debug|ARM
		{4D476A0B-8736-4802-B0B3-1085A775765F}.Debug|ARM.Build.0 = Debug|ARM
		{4D476A0B-8736-4802-B0B3-1085A775765F}.Debug|ARM.Deploy.0 = Debug|ARM
		{4D476A0B-8736-4802-B0B3-1085A775765F}.Debug|iPhone.ActiveCfg = Debug|x86
		{4D476A0B-8736-4802-B0B3-1085A775765F}.Debug|iPhoneSimulator.ActiveCfg = Debug|x86
		{4D476A0B-8736-4802-B0B3-1085A775765F}.Debug|x64.ActiveCfg = Debug|x64
		{4D476A0B-8736-4802-B0B3-1085A775765F}.Debug|x64.Build.0 = Debug|x64
		{4D476A0B-8736-4802-B0B3-1085A775765F}.Debug|x64.Deploy.0 = Debug|x64
		{4D476A0B-8736-4802-B0B3-1085A775765F}.Debug|x86.ActiveCfg = Debug|x86
		{4D476A0B-8736-4802-B0B3-1085A775765F}.Debug|x86.Build.0 = Debug|x86
		{4D476A0B-8736-4802-B0B3-1085A775765F}.Debug|x86.Deploy.0 = Debug|x86
		{4D476A0B-8736-4802-B0B3-1085A775765F}.Release|Any CPU.ActiveCfg = Debug|x86
		{4D476A0B-8736-4802-B0B3-1085A775765F}.Release|Any CPU.Build.0 = Debug|x86
		{4D476A0B-8736-4802-B0B3-1085A775765F}.Release|Any CPU.Deploy.0 = Debug|x86
		{4D476A0B-8736-4802-B0B3-1085A775765F}.Release|ARM.ActiveCfg = Release|ARM
		{4D476A0B-8736-4802-B0B3-1085A775765F}.Release|ARM.Build.0 = Release|ARM
		{4D476A0B-8736-4802-B0B3-1085A775765F}.Release|ARM.Deploy.0 = Release|ARM
		{4D476A0B-8736-4802-B0B3-1085A775765F}.Release|iPhone.ActiveCfg = Release|x86
		{4D476A0B-8736-4802-B0B3-1085A775765F}.Release|iPhoneSimulator.ActiveCfg = Release|x86
		{4D476A0B-8736-4802-B0B3-1085A775765F}.Release|x64.ActiveCfg = Release|x64
		{4D476A0B-8736-4802-B0B3-1085A775765F}.Release|x64.Build.0 = Release|x64
		{4D476A0B-8736-4802-B0B3-1085A775765F}.Release|x64.Deploy.0 = Release|x64
		{4D476A0B-8736-4802-B0B3-1085A775765F}.Release|x86.ActiveCfg = Release|x86
		{4D476A0B-8736-4802-B0B3-1085A775765F}.Release|x86.Build.0 = Release|x86
		{4D476A0B-8736-4802-B0B3-1085A775765F}.Release|x86.Deploy.0 = Release|x86
	EndGlobalSection
	GlobalSection(SolutionProperties) = preSolution
		HideSolutionNode = FALSE
	EndGlobalSection
	GlobalSection(ExtensibilityGlobals) = postSolution
		SolutionGuid = {34CD43D7-7835-4E30-8E49-F04B7B7D450D}
	EndGlobalSection
EndGlobal
